dependencies:
  cmd_nvs:
    dependencies: []
    source:
      path: C:\Users\albif\esp\v5.3.2\esp-idf\examples\system\console\advanced\components\cmd_nvs
      type: local
    version: '*'
  cmd_system:
    dependencies: []
    source:
      path: C:\Users\albif\esp\v5.3.2\esp-idf\examples\system\console\advanced\components\cmd_system
      type: local
    version: '*'
  idf:
    source:
      type: idf
    version: 5.4.1
direct_dependencies:
- cmd_nvs
- cmd_system
manifest_hash: f727090304b9ab1cd3207715ef730ac3959305ac0f751fb841e3d72a07555bf6
target: esp32c6
version: 2.0.0
